
Microsoft Visual Studio Solution File, Format Version 12.00
# Visual Studio 15
VisualStudioVersion = 15.0.27703.2047
MinimumVisualStudioVersion = 10.0.40219.1
Project("{FAE04EC0-301F-11D3-BF4B-00C04F79EFBC}") = "BarcodeReader.Android", "BarcodeReader\BarcodeReader.Android\BarcodeReader.Android.csproj", "{82DBF154-73C6-41A0-9427-FC1F4EAA01F5}"
EndProject
Project("{FAE04EC0-301F-11D3-BF4B-00C04F79EFBC}") = "BarcodeReader.iOS", "BarcodeReader\BarcodeReader.iOS\BarcodeReader.iOS.csproj", "{F086F15C-B37D-4047-B5BF-9C953CAC9FE6}"
EndProject
Project("{FAE04EC0-301F-11D3-BF4B-00C04F79EFBC}") = "BarcodeReader.UWP", "BarcodeReader\BarcodeReader.UWP\BarcodeReader.UWP.csproj", "{DFEC25DD-43ED-43FB-841A-A0C7A086A93A}"
EndProject
Project("{FAE04EC0-301F-11D3-BF4B-00C04F79EFBC}") = "BarcodeReader", "BarcodeReader\BarcodeReader\BarcodeReader.csproj", "{8AD2F080-6242-4A0E-BEF2-FB9C519D972D}"
EndProject
Global
	GlobalSection(SolutionConfigurationPlatforms) = preSolution
		Ad-Hoc|Any CPU = Ad-Hoc|Any CPU
		Ad-Hoc|ARM = Ad-Hoc|ARM
		Ad-Hoc|iPhone = Ad-Hoc|iPhone
		Ad-Hoc|iPhoneSimulator = Ad-Hoc|iPhoneSimulator
		Ad-Hoc|x64 = Ad-Hoc|x64
		Ad-Hoc|x86 = Ad-Hoc|x86
		AppStore|Any CPU = AppStore|Any CPU
		AppStore|ARM = AppStore|ARM
		AppStore|iPhone = AppStore|iPhone
		AppStore|iPhoneSimulator = AppStore|iPhoneSimulator
		AppStore|x64 = AppStore|x64
		AppStore|x86 = AppStore|x86
		Debug|Any CPU = Debug|Any CPU
		Debug|ARM = Debug|ARM
		Debug|iPhone = Debug|iPhone
		Debug|iPhoneSimulator = Debug|iPhoneSimulator
		Debug|x64 = Debug|x64
		Debug|x86 = Debug|x86
		Release|Any CPU = Release|Any CPU
		Release|ARM = Release|ARM
		Release|iPhone = Release|iPhone
		Release|iPhoneSimulator = Release|iPhoneSimulator
		Release|x64 = Release|x64
		Release|x86 = Release|x86
	EndGlobalSection
	GlobalSection(ProjectConfigurationPlatforms) = postSolution
		{82DBF154-73C6-41A0-9427-FC1F4EAA01F5}.Ad-Hoc|Any CPU.ActiveCfg = Release|Any CPU
		{82DBF154-73C6-41A0-9427-FC1F4EAA01F5}.Ad-Hoc|Any CPU.Build.0 = Release|Any CPU
		{82DBF154-73C6-41A0-9427-FC1F4EAA01F5}.Ad-Hoc|Any CPU.Deploy.0 = Release|Any CPU
		{82DBF154-73C6-41A0-9427-FC1F4EAA01F5}.Ad-Hoc|ARM.ActiveCfg = Release|Any CPU
		{82DBF154-73C6-41A0-9427-FC1F4EAA01F5}.Ad-Hoc|ARM.Build.0 = Release|Any CPU
		{82DBF154-73C6-41A0-9427-FC1F4EAA01F5}.Ad-Hoc|ARM.Deploy.0 = Release|Any CPU
		{82DBF154-73C6-41A0-9427-FC1F4EAA01F5}.Ad-Hoc|iPhone.ActiveCfg = Release|Any CPU
		{82DBF154-73C6-41A0-9427-FC1F4EAA01F5}.Ad-Hoc|iPhone.Build.0 = Release|Any CPU
		{82DBF154-73C6-41A0-9427-FC1F4EAA01F5}.Ad-Hoc|iPhone.Deploy.0 = Release|Any CPU
		{82DBF154-73C6-41A0-9427-FC1F4EAA01F5}.Ad-Hoc|iPhoneSimulator.ActiveCfg = Release|Any CPU
		{82DBF154-73C6-41A0-9427-FC1F4EAA01F5}.Ad-Hoc|iPhoneSimulator.Build.0 = Release|Any CPU
		{82DBF154-73C6-41A0-9427-FC1F4EAA01F5}.Ad-Hoc|iPhoneSimulator.Deploy.0 = Release|Any CPU
		{82DBF154-73C6-41A0-9427-FC1F4EAA01F5}.Ad-Hoc|x64.ActiveCfg = Release|Any CPU
		{82DBF154-73C6-41A0-9427-FC1F4EAA01F5}.Ad-Hoc|x64.Build.0 = Release|Any CPU
		{82DBF154-73C6-41A0-9427-FC1F4EAA01F5}.Ad-Hoc|x64.Deploy.0 = Release|Any CPU
		{82DBF154-73C6-41A0-9427-FC1F4EAA01F5}.Ad-Hoc|x86.ActiveCfg = Release|Any CPU
		{82DBF154-73C6-41A0-9427-FC1F4EAA01F5}.Ad-Hoc|x86.Build.0 = Release|Any CPU
		{82DBF154-73C6-41A0-9427-FC1F4EAA01F5}.Ad-Hoc|x86.Deploy.0 = Release|Any CPU
		{82DBF154-73C6-41A0-9427-FC1F4EAA01F5}.AppStore|Any CPU.ActiveCfg = Release|Any CPU
		{82DBF154-73C6-41A0-9427-FC1F4EAA01F5}.AppStore|Any CPU.Build.0 = Release|Any CPU
		{82DBF154-73C6-41A0-9427-FC1F4EAA01F5}.AppStore|Any CPU.Deploy.0 = Release|Any CPU
		{82DBF154-73C6-41A0-9427-FC1F4EAA01F5}.AppStore|ARM.ActiveCfg = Release|Any CPU
		{82DBF154-73C6-41A0-9427-FC1F4EAA01F5}.AppStore|ARM.Build.0 = Release|Any CPU
		{82DBF154-73C6-41A0-9427-FC1F4EAA01F5}.AppStore|ARM.Deploy.0 = Release|Any CPU
		{82DBF154-73C6-41A0-9427-FC1F4EAA01F5}.AppStore|iPhone.ActiveCfg = Release|Any CPU
		{82DBF154-73C6-41A0-9427-FC1F4EAA01F5}.AppStore|iPhone.Build.0 = Release|Any CPU
		{82DBF154-73C6-41A0-9427-FC1F4EAA01F5}.AppStore|iPhone.Deploy.0 = Release|Any CPU
		{82DBF154-73C6-41A0-9427-FC1F4EAA01F5}.AppStore|iPhoneSimulator.ActiveCfg = Release|Any CPU
		{82DBF154-73C6-41A0-9427-FC1F4EAA01F5}.AppStore|iPhoneSimulator.Build.0 = Release|Any CPU
		{82DBF154-73C6-41A0-9427-FC1F4EAA01F5}.AppStore|iPhoneSimulator.Deploy.0 = Release|Any CPU
		{82DBF154-73C6-41A0-9427-FC1F4EAA01F5}.AppStore|x64.ActiveCfg = Release|Any CPU
		{82DBF154-73C6-41A0-9427-FC1F4EAA01F5}.AppStore|x64.Build.0 = Release|Any CPU
		{82DBF154-73C6-41A0-9427-FC1F4EAA01F5}.AppStore|x64.Deploy.0 = Release|Any CPU
		{82DBF154-73C6-41A0-9427-FC1F4EAA01F5}.AppStore|x86.ActiveCfg = Release|Any CPU
		{82DBF154-73C6-41A0-9427-FC1F4EAA01F5}.AppStore|x86.Build.0 = Release|Any CPU
		{82DBF154-73C6-41A0-9427-FC1F4EAA01F5}.AppStore|x86.Deploy.0 = Release|Any CPU
		{82DBF154-73C6-41A0-9427-FC1F4EAA01F5}.Debug|Any CPU.ActiveCfg = Debug|Any CPU
		{82DBF154-73C6-41A0-9427-FC1F4EAA01F5}.Debug|Any CPU.Build.0 = Debug|Any CPU
		{82DBF154-73C6-41A0-9427-FC1F4EAA01F5}.Debug|Any CPU.Deploy.0 = Debug|Any CPU
		{82DBF154-73C6-41A0-9427-FC1F4EAA01F5}.Debug|ARM.ActiveCfg = Debug|Any CPU
		{82DBF154-73C6-41A0-9427-FC1F4EAA01F5}.Debug|ARM.Build.0 = Debug|Any CPU
		{82DBF154-73C6-41A0-9427-FC1F4EAA01F5}.Debug|ARM.Deploy.0 = Debug|Any CPU
		{82DBF154-73C6-41A0-9427-FC1F4EAA01F5}.Debug|iPhone.ActiveCfg = Debug|Any CPU
		{82DBF154-73C6-41A0-9427-FC1F4EAA01F5}.Debug|iPhone.Build.0 = Debug|Any CPU
		{82DBF154-73C6-41A0-9427-FC1F4EAA01F5}.Debug|iPhone.Deploy.0 = Debug|Any CPU
		{82DBF154-73C6-41A0-9427-FC1F4EAA01F5}.Debug|iPhoneSimulator.ActiveCfg = Debug|Any CPU
		{82DBF154-73C6-41A0-9427-FC1F4EAA01F5}.Debug|iPhoneSimulator.Build.0 = Debug|Any CPU
		{82DBF154-73C6-41A0-9427-FC1F4EAA01F5}.Debug|iPhoneSimulator.Deploy.0 = Debug|Any CPU
		{82DBF154-73C6-41A0-9427-FC1F4EAA01F5}.Debug|x64.ActiveCfg = Debug|Any CPU
		{82DBF154-73C6-41A0-9427-FC1F4EAA01F5}.Debug|x64.Build.0 = Debug|Any CPU
		{82DBF154-73C6-41A0-9427-FC1F4EAA01F5}.Debug|x64.Deploy.0 = Debug|Any CPU
		{82DBF154-73C6-41A0-9427-FC1F4EAA01F5}.Debug|x86.ActiveCfg = Debug|Any CPU
		{82DBF154-73C6-41A0-9427-FC1F4EAA01F5}.Debug|x86.Build.0 = Debug|Any CPU
		{82DBF154-73C6-41A0-9427-FC1F4EAA01F5}.Debug|x86.Deploy.0 = Debug|Any CPU
		{82DBF154-73C6-41A0-9427-FC1F4EAA01F5}.Release|Any CPU.ActiveCfg = Release|Any CPU
		{82DBF154-73C6-41A0-9427-FC1F4EAA01F5}.Release|Any CPU.Build.0 = Release|Any CPU
		{82DBF154-73C6-41A0-9427-FC1F4EAA01F5}.Release|Any CPU.Deploy.0 = Release|Any CPU
		{82DBF154-73C6-41A0-9427-FC1F4EAA01F5}.Release|ARM.ActiveCfg = Release|Any CPU
		{82DBF154-73C6-41A0-9427-FC1F4EAA01F5}.Release|ARM.Build.0 = Release|Any CPU
		{82DBF154-73C6-41A0-9427-FC1F4EAA01F5}.Release|ARM.Deploy.0 = Release|Any CPU
		{82DBF154-73C6-41A0-9427-FC1F4EAA01F5}.Release|iPhone.ActiveCfg = Release|Any CPU
		{82DBF154-73C6-41A0-9427-FC1F4EAA01F5}.Release|iPhone.Build.0 = Release|Any CPU
		{82DBF154-73C6-41A0-9427-FC1F4EAA01F5}.Release|iPhone.Deploy.0 = Release|Any CPU
		{82DBF154-73C6-41A0-9427-FC1F4EAA01F5}.Release|iPhoneSimulator.ActiveCfg = Release|Any CPU
		{82DBF154-73C6-41A0-9427-FC1F4EAA01F5}.Release|iPhoneSimulator.Build.0 = Release|Any CPU
		{82DBF154-73C6-41A0-9427-FC1F4EAA01F5}.Release|iPhoneSimulator.Deploy.0 = Release|Any CPU
		{82DBF154-73C6-41A0-9427-FC1F4EAA01F5}.Release|x64.ActiveCfg = Release|Any CPU
		{82DBF154-73C6-41A0-9427-FC1F4EAA01F5}.Release|x64.Build.0 = Release|Any CPU
		{82DBF154-73C6-41A0-9427-FC1F4EAA01F5}.Release|x64.Deploy.0 = Release|Any CPU
		{82DBF154-73C6-41A0-9427-FC1F4EAA01F5}.Release|x86.ActiveCfg = Release|Any CPU
		{82DBF154-73C6-41A0-9427-FC1F4EAA01F5}.Release|x86.Build.0 = Release|Any CPU
		{82DBF154-73C6-41A0-9427-FC1F4EAA01F5}.Release|x86.Deploy.0 = Release|Any CPU
		{F086F15C-B37D-4047-B5BF-9C953CAC9FE6}.Ad-Hoc|Any CPU.ActiveCfg = Ad-Hoc|iPhone
		{F086F15C-B37D-4047-B5BF-9C953CAC9FE6}.Ad-Hoc|Any CPU.Build.0 = Ad-Hoc|iPhone
		{F086F15C-B37D-4047-B5BF-9C953CAC9FE6}.Ad-Hoc|Any CPU.Deploy.0 = Ad-Hoc|iPhone
		{F086F15C-B37D-4047-B5BF-9C953CAC9FE6}.Ad-Hoc|ARM.ActiveCfg = Ad-Hoc|iPhone
		{F086F15C-B37D-4047-B5BF-9C953CAC9FE6}.Ad-Hoc|ARM.Build.0 = Ad-Hoc|iPhone
		{F086F15C-B37D-4047-B5BF-9C953CAC9FE6}.Ad-Hoc|ARM.Deploy.0 = Ad-Hoc|iPhone
		{F086F15C-B37D-4047-B5BF-9C953CAC9FE6}.Ad-Hoc|iPhone.ActiveCfg = Ad-Hoc|iPhone
		{F086F15C-B37D-4047-B5BF-9C953CAC9FE6}.Ad-Hoc|iPhone.Build.0 = Ad-Hoc|iPhone
		{F086F15C-B37D-4047-B5BF-9C953CAC9FE6}.Ad-Hoc|iPhone.Deploy.0 = Ad-Hoc|iPhone
		{F086F15C-B37D-4047-B5BF-9C953CAC9FE6}.Ad-Hoc|iPhoneSimulator.ActiveCfg = Ad-Hoc|iPhoneSimulator
		{F086F15C-B37D-4047-B5BF-9C953CAC9FE6}.Ad-Hoc|iPhoneSimulator.Build.0 = Ad-Hoc|iPhoneSimulator
		{F086F15C-B37D-4047-B5BF-9C953CAC9FE6}.Ad-Hoc|iPhoneSimulator.Deploy.0 = Ad-Hoc|iPhoneSimulator
		{F086F15C-B37D-4047-B5BF-9C953CAC9FE6}.Ad-Hoc|x64.ActiveCfg = Ad-Hoc|iPhone
		{F086F15C-B37D-4047-B5BF-9C953CAC9FE6}.Ad-Hoc|x64.Build.0 = Ad-Hoc|iPhone
		{F086F15C-B37D-4047-B5BF-9C953CAC9FE6}.Ad-Hoc|x64.Deploy.0 = Ad-Hoc|iPhone
		{F086F15C-B37D-4047-B5BF-9C953CAC9FE6}.Ad-Hoc|x86.ActiveCfg = Ad-Hoc|iPhone
		{F086F15C-B37D-4047-B5BF-9C953CAC9FE6}.Ad-Hoc|x86.Build.0 = Ad-Hoc|iPhone
		{F086F15C-B37D-4047-B5BF-9C953CAC9FE6}.Ad-Hoc|x86.Deploy.0 = Ad-Hoc|iPhone
		{F086F15C-B37D-4047-B5BF-9C953CAC9FE6}.AppStore|Any CPU.ActiveCfg = AppStore|iPhone
		{F086F15C-B37D-4047-B5BF-9C953CAC9FE6}.AppStore|Any CPU.Build.0 = AppStore|iPhone
		{F086F15C-B37D-4047-B5BF-9C953CAC9FE6}.AppStore|Any CPU.Deploy.0 = AppStore|iPhone
		{F086F15C-B37D-4047-B5BF-9C953CAC9FE6}.AppStore|ARM.ActiveCfg = AppStore|iPhone
		{F086F15C-B37D-4047-B5BF-9C953CAC9FE6}.AppStore|ARM.Build.0 = AppStore|iPhone
		{F086F15C-B37D-4047-B5BF-9C953CAC9FE6}.AppStore|ARM.Deploy.0 = AppStore|iPhone
		{F086F15C-B37D-4047-B5BF-9C953CAC9FE6}.AppStore|iPhone.ActiveCfg = AppStore|iPhone
		{F086F15C-B37D-4047-B5BF-9C953CAC9FE6}.AppStore|iPhone.Build.0 = AppStore|iPhone
		{F086F15C-B37D-4047-B5BF-9C953CAC9FE6}.AppStore|iPhone.Deploy.0 = AppStore|iPhone
		{F086F15C-B37D-4047-B5BF-9C953CAC9FE6}.AppStore|iPhoneSimulator.ActiveCfg = AppStore|iPhoneSimulator
		{F086F15C-B37D-4047-B5BF-9C953CAC9FE6}.AppStore|iPhoneSimulator.Build.0 = AppStore|iPhoneSimulator
		{F086F15C-B37D-4047-B5BF-9C953CAC9FE6}.AppStore|iPhoneSimulator.Deploy.0 = AppStore|iPhoneSimulator
		{F086F15C-B37D-4047-B5BF-9C953CAC9FE6}.AppStore|x64.ActiveCfg = AppStore|iPhone
		{F086F15C-B37D-4047-B5BF-9C953CAC9FE6}.AppStore|x64.Build.0 = AppStore|iPhone
		{F086F15C-B37D-4047-B5BF-9C953CAC9FE6}.AppStore|x64.Deploy.0 = AppStore|iPhone
		{F086F15C-B37D-4047-B5BF-9C953CAC9FE6}.AppStore|x86.ActiveCfg = AppStore|iPhone
		{F086F15C-B37D-4047-B5BF-9C953CAC9FE6}.AppStore|x86.Build.0 = AppStore|iPhone
		{F086F15C-B37D-4047-B5BF-9C953CAC9FE6}.AppStore|x86.Deploy.0 = AppStore|iPhone
		{F086F15C-B37D-4047-B5BF-9C953CAC9FE6}.Debug|Any CPU.ActiveCfg = Debug|iPhoneSimulator
		{F086F15C-B37D-4047-B5BF-9C953CAC9FE6}.Debug|Any CPU.Build.0 = Debug|iPhoneSimulator
		{F086F15C-B37D-4047-B5BF-9C953CAC9FE6}.Debug|Any CPU.Deploy.0 = Debug|iPhoneSimulator
		{F086F15C-B37D-4047-B5BF-9C953CAC9FE6}.Debug|ARM.ActiveCfg = Debug|iPhone
		{F086F15C-B37D-4047-B5BF-9C953CAC9FE6}.Debug|ARM.Build.0 = Debug|iPhone
		{F086F15C-B37D-4047-B5BF-9C953CAC9FE6}.Debug|ARM.Deploy.0 = Debug|iPhone
		{F086F15C-B37D-4047-B5BF-9C953CAC9FE6}.Debug|iPhone.ActiveCfg = Debug|iPhone
		{F086F15C-B37D-4047-B5BF-9C953CAC9FE6}.Debug|iPhone.Build.0 = Debug|iPhone
		{F086F15C-B37D-4047-B5BF-9C953CAC9FE6}.Debug|iPhone.Deploy.0 = Debug|iPhone
		{F086F15C-B37D-4047-B5BF-9C953CAC9FE6}.Debug|iPhoneSimulator.ActiveCfg = Debug|iPhoneSimulator
		{F086F15C-B37D-4047-B5BF-9C953CAC9FE6}.Debug|iPhoneSimulator.Build.0 = Debug|iPhoneSimulator
		{F086F15C-B37D-4047-B5BF-9C953CAC9FE6}.Debug|iPhoneSimulator.Deploy.0 = Debug|iPhoneSimulator
		{F086F15C-B37D-4047-B5BF-9C953CAC9FE6}.Debug|x64.ActiveCfg = Debug|iPhone
		{F086F15C-B37D-4047-B5BF-9C953CAC9FE6}.Debug|x64.Build.0 = Debug|iPhone
		{F086F15C-B37D-4047-B5BF-9C953CAC9FE6}.Debug|x64.Deploy.0 = Debug|iPhone
		{F086F15C-B37D-4047-B5BF-9C953CAC9FE6}.Debug|x86.ActiveCfg = Debug|iPhone
		{F086F15C-B37D-4047-B5BF-9C953CAC9FE6}.Debug|x86.Build.0 = Debug|iPhone
		{F086F15C-B37D-4047-B5BF-9C953CAC9FE6}.Debug|x86.Deploy.0 = Debug|iPhone
		{F086F15C-B37D-4047-B5BF-9C953CAC9FE6}.Release|Any CPU.ActiveCfg = Release|iPhone
		{F086F15C-B37D-4047-B5BF-9C953CAC9FE6}.Release|Any CPU.Build.0 = Release|iPhone
		{F086F15C-B37D-4047-B5BF-9C953CAC9FE6}.Release|Any CPU.Deploy.0 = Release|iPhone
		{F086F15C-B37D-4047-B5BF-9C953CAC9FE6}.Release|ARM.ActiveCfg = Release|iPhone
		{F086F15C-B37D-4047-B5BF-9C953CAC9FE6}.Release|ARM.Build.0 = Release|iPhone
		{F086F15C-B37D-4047-B5BF-9C953CAC9FE6}.Release|ARM.Deploy.0 = Release|iPhone
		{F086F15C-B37D-4047-B5BF-9C953CAC9FE6}.Release|iPhone.ActiveCfg = Release|iPhone
		{F086F15C-B37D-4047-B5BF-9C953CAC9FE6}.Release|iPhone.Build.0 = Release|iPhone
		{F086F15C-B37D-4047-B5BF-9C953CAC9FE6}.Release|iPhone.Deploy.0 = Release|iPhone
		{F086F15C-B37D-4047-B5BF-9C953CAC9FE6}.Release|iPhoneSimulator.ActiveCfg = Release|iPhoneSimulator
		{F086F15C-B37D-4047-B5BF-9C953CAC9FE6}.Release|iPhoneSimulator.Build.0 = Release|iPhoneSimulator
		{F086F15C-B37D-4047-B5BF-9C953CAC9FE6}.Release|iPhoneSimulator.Deploy.0 = Release|iPhoneSimulator
		{F086F15C-B37D-4047-B5BF-9C953CAC9FE6}.Release|x64.ActiveCfg = Release|iPhone
		{F086F15C-B37D-4047-B5BF-9C953CAC9FE6}.Release|x64.Build.0 = Release|iPhone
		{F086F15C-B37D-4047-B5BF-9C953CAC9FE6}.Release|x64.Deploy.0 = Release|iPhone
		{F086F15C-B37D-4047-B5BF-9C953CAC9FE6}.Release|x86.ActiveCfg = Release|iPhone
		{F086F15C-B37D-4047-B5BF-9C953CAC9FE6}.Release|x86.Build.0 = Release|iPhone
		{F086F15C-B37D-4047-B5BF-9C953CAC9FE6}.Release|x86.Deploy.0 = Release|iPhone
		{DFEC25DD-43ED-43FB-841A-A0C7A086A93A}.Ad-Hoc|Any CPU.ActiveCfg = Release|x86
		{DFEC25DD-43ED-43FB-841A-A0C7A086A93A}.Ad-Hoc|Any CPU.Build.0 = Release|x86
		{DFEC25DD-43ED-43FB-841A-A0C7A086A93A}.Ad-Hoc|Any CPU.Deploy.0 = Release|x86
		{DFEC25DD-43ED-43FB-841A-A0C7A086A93A}.Ad-Hoc|ARM.ActiveCfg = Release|ARM
		{DFEC25DD-43ED-43FB-841A-A0C7A086A93A}.Ad-Hoc|ARM.Build.0 = Release|ARM
		{DFEC25DD-43ED-43FB-841A-A0C7A086A93A}.Ad-Hoc|ARM.Deploy.0 = Release|ARM
		{DFEC25DD-43ED-43FB-841A-A0C7A086A93A}.Ad-Hoc|iPhone.ActiveCfg = Release|x86
		{DFEC25DD-43ED-43FB-841A-A0C7A086A93A}.Ad-Hoc|iPhone.Build.0 = Release|x86
		{DFEC25DD-43ED-43FB-841A-A0C7A086A93A}.Ad-Hoc|iPhone.Deploy.0 = Release|x86
		{DFEC25DD-43ED-43FB-841A-A0C7A086A93A}.Ad-Hoc|iPhoneSimulator.ActiveCfg = Release|x86
		{DFEC25DD-43ED-43FB-841A-A0C7A086A93A}.Ad-Hoc|iPhoneSimulator.Build.0 = Release|x86
		{DFEC25DD-43ED-43FB-841A-A0C7A086A93A}.Ad-Hoc|iPhoneSimulator.Deploy.0 = Release|x86
		{DFEC25DD-43ED-43FB-841A-A0C7A086A93A}.Ad-Hoc|x64.ActiveCfg = Release|x64
		{DFEC25DD-43ED-43FB-841A-A0C7A086A93A}.Ad-Hoc|x64.Build.0 = Release|x64
		{DFEC25DD-43ED-43FB-841A-A0C7A086A93A}.Ad-Hoc|x64.Deploy.0 = Release|x64
		{DFEC25DD-43ED-43FB-841A-A0C7A086A93A}.Ad-Hoc|x86.ActiveCfg = Release|x86
		{DFEC25DD-43ED-43FB-841A-A0C7A086A93A}.Ad-Hoc|x86.Build.0 = Release|x86
		{DFEC25DD-43ED-43FB-841A-A0C7A086A93A}.Ad-Hoc|x86.Deploy.0 = Release|x86
		{DFEC25DD-43ED-43FB-841A-A0C7A086A93A}.AppStore|Any CPU.ActiveCfg = Release|x86
		{DFEC25DD-43ED-43FB-841A-A0C7A086A93A}.AppStore|Any CPU.Build.0 = Release|x86
		{DFEC25DD-43ED-43FB-841A-A0C7A086A93A}.AppStore|Any CPU.Deploy.0 = Release|x86
		{DFEC25DD-43ED-43FB-841A-A0C7A086A93A}.AppStore|ARM.ActiveCfg = Release|ARM
		{DFEC25DD-43ED-43FB-841A-A0C7A086A93A}.AppStore|ARM.Build.0 = Release|ARM
		{DFEC25DD-43ED-43FB-841A-A0C7A086A93A}.AppStore|ARM.Deploy.0 = Release|ARM
		{DFEC25DD-43ED-43FB-841A-A0C7A086A93A}.AppStore|iPhone.ActiveCfg = Release|x86
		{DFEC25DD-43ED-43FB-841A-A0C7A086A93A}.AppStore|iPhone.Build.0 = Release|x86
		{DFEC25DD-43ED-43FB-841A-A0C7A086A93A}.AppStore|iPhone.Deploy.0 = Release|x86
		{DFEC25DD-43ED-43FB-841A-A0C7A086A93A}.AppStore|iPhoneSimulator.ActiveCfg = Release|x86
		{DFEC25DD-43ED-43FB-841A-A0C7A086A93A}.AppStore|iPhoneSimulator.Build.0 = Release|x86
		{DFEC25DD-43ED-43FB-841A-A0C7A086A93A}.AppStore|iPhoneSimulator.Deploy.0 = Release|x86
		{DFEC25DD-43ED-43FB-841A-A0C7A086A93A}.AppStore|x64.ActiveCfg = Release|x64
		{DFEC25DD-43ED-43FB-841A-A0C7A086A93A}.AppStore|x64.Build.0 = Release|x64
		{DFEC25DD-43ED-43FB-841A-A0C7A086A93A}.AppStore|x64.Deploy.0 = Release|x64
		{DFEC25DD-43ED-43FB-841A-A0C7A086A93A}.AppStore|x86.ActiveCfg = Release|x86
		{DFEC25DD-43ED-43FB-841A-A0C7A086A93A}.AppStore|x86.Build.0 = Release|x86
		{DFEC25DD-43ED-43FB-841A-A0C7A086A93A}.AppStore|x86.Deploy.0 = Release|x86
		{DFEC25DD-43ED-43FB-841A-A0C7A086A93A}.Debug|Any CPU.ActiveCfg = Debug|x86
		{DFEC25DD-43ED-43FB-841A-A0C7A086A93A}.Debug|Any CPU.Build.0 = Debug|x86
		{DFEC25DD-43ED-43FB-841A-A0C7A086A93A}.Debug|Any CPU.Deploy.0 = Debug|x86
		{DFEC25DD-43ED-43FB-841A-A0C7A086A93A}.Debug|ARM.ActiveCfg = Debug|ARM
		{DFEC25DD-43ED-43FB-841A-A0C7A086A93A}.Debug|ARM.Build.0 = Debug|ARM
		{DFEC25DD-43ED-43FB-841A-A0C7A086A93A}.Debug|ARM.Deploy.0 = Debug|ARM
		{DFEC25DD-43ED-43FB-841A-A0C7A086A93A}.Debug|iPhone.ActiveCfg = Debug|x86
		{DFEC25DD-43ED-43FB-841A-A0C7A086A93A}.Debug|iPhone.Build.0 = Debug|x86
		{DFEC25DD-43ED-43FB-841A-A0C7A086A93A}.Debug|iPhone.Deploy.0 = Debug|x86
		{DFEC25DD-43ED-43FB-841A-A0C7A086A93A}.Debug|iPhoneSimulator.ActiveCfg = Debug|x86
		{DFEC25DD-43ED-43FB-841A-A0C7A086A93A}.Debug|iPhoneSimulator.Build.0 = Debug|x86
		{DFEC25DD-43ED-43FB-841A-A0C7A086A93A}.Debug|iPhoneSimulator.Deploy.0 = Debug|x86
		{DFEC25DD-43ED-43FB-841A-A0C7A086A93A}.Debug|x64.ActiveCfg = Debug|x64
		{DFEC25DD-43ED-43FB-841A-A0C7A086A93A}.Debug|x64.Build.0 = Debug|x64
		{DFEC25DD-43ED-43FB-841A-A0C7A086A93A}.Debug|x64.Deploy.0 = Debug|x64
		{DFEC25DD-43ED-43FB-841A-A0C7A086A93A}.Debug|x86.ActiveCfg = Debug|x86
		{DFEC25DD-43ED-43FB-841A-A0C7A086A93A}.Debug|x86.Build.0 = Debug|x86
		{DFEC25DD-43ED-43FB-841A-A0C7A086A93A}.Debug|x86.Deploy.0 = Debug|x86
		{DFEC25DD-43ED-43FB-841A-A0C7A086A93A}.Release|Any CPU.ActiveCfg = Release|x86
		{DFEC25DD-43ED-43FB-841A-A0C7A086A93A}.Release|Any CPU.Build.0 = Release|x86
		{DFEC25DD-43ED-43FB-841A-A0C7A086A93A}.Release|Any CPU.Deploy.0 = Release|x86
		{DFEC25DD-43ED-43FB-841A-A0C7A086A93A}.Release|ARM.ActiveCfg = Release|ARM
		{DFEC25DD-43ED-43FB-841A-A0C7A086A93A}.Release|ARM.Build.0 = Release|ARM
		{DFEC25DD-43ED-43FB-841A-A0C7A086A93A}.Release|ARM.Deploy.0 = Release|ARM
		{DFEC25DD-43ED-43FB-841A-A0C7A086A93A}.Release|iPhone.ActiveCfg = Release|x86
		{DFEC25DD-43ED-43FB-841A-A0C7A086A93A}.Release|iPhone.Build.0 = Release|x86
		{DFEC25DD-43ED-43FB-841A-A0C7A086A93A}.Release|iPhone.Deploy.0 = Release|x86
		{DFEC25DD-43ED-43FB-841A-A0C7A086A93A}.Release|iPhoneSimulator.ActiveCfg = Release|x86
		{DFEC25DD-43ED-43FB-841A-A0C7A086A93A}.Release|iPhoneSimulator.Build.0 = Release|x86
		{DFEC25DD-43ED-43FB-841A-A0C7A086A93A}.Release|iPhoneSimulator.Deploy.0 = Release|x86
		{DFEC25DD-43ED-43FB-841A-A0C7A086A93A}.Release|x64.ActiveCfg = Release|x64
		{DFEC25DD-43ED-43FB-841A-A0C7A086A93A}.Release|x64.Build.0 = Release|x64
		{DFEC25DD-43ED-43FB-841A-A0C7A086A93A}.Release|x64.Deploy.0 = Release|x64
		{DFEC25DD-43ED-43FB-841A-A0C7A086A93A}.Release|x86.ActiveCfg = Release|x86
		{DFEC25DD-43ED-43FB-841A-A0C7A086A93A}.Release|x86.Build.0 = Release|x86
		{DFEC25DD-43ED-43FB-841A-A0C7A086A93A}.Release|x86.Deploy.0 = Release|x86
		{8AD2F080-6242-4A0E-BEF2-FB9C519D972D}.Ad-Hoc|Any CPU.ActiveCfg = Debug|Any CPU
		{8AD2F080-6242-4A0E-BEF2-FB9C519D972D}.Ad-Hoc|Any CPU.Build.0 = Debug|Any CPU
		{8AD2F080-6242-4A0E-BEF2-FB9C519D972D}.Ad-Hoc|Any CPU.Deploy.0 = Debug|Any CPU
		{8AD2F080-6242-4A0E-BEF2-FB9C519D972D}.Ad-Hoc|ARM.ActiveCfg = Debug|Any CPU
		{8AD2F080-6242-4A0E-BEF2-FB9C519D972D}.Ad-Hoc|ARM.Build.0 = Debug|Any CPU
		{8AD2F080-6242-4A0E-BEF2-FB9C519D972D}.Ad-Hoc|ARM.Deploy.0 = Debug|Any CPU
		{8AD2F080-6242-4A0E-BEF2-FB9C519D972D}.Ad-Hoc|iPhone.ActiveCfg = Debug|Any CPU
		{8AD2F080-6242-4A0E-BEF2-FB9C519D972D}.Ad-Hoc|iPhone.Build.0 = Debug|Any CPU
		{8AD2F080-6242-4A0E-BEF2-FB9C519D972D}.Ad-Hoc|iPhone.Deploy.0 = Debug|Any CPU
		{8AD2F080-6242-4A0E-BEF2-FB9C519D972D}.Ad-Hoc|iPhoneSimulator.ActiveCfg = Debug|Any CPU
		{8AD2F080-6242-4A0E-BEF2-FB9C519D972D}.Ad-Hoc|iPhoneSimulator.Build.0 = Debug|Any CPU
		{8AD2F080-6242-4A0E-BEF2-FB9C519D972D}.Ad-Hoc|iPhoneSimulator.Deploy.0 = Debug|Any CPU
		{8AD2F080-6242-4A0E-BEF2-FB9C519D972D}.Ad-Hoc|x64.ActiveCfg = Debug|Any CPU
		{8AD2F080-6242-4A0E-BEF2-FB9C519D972D}.Ad-Hoc|x64.Build.0 = Debug|Any CPU
		{8AD2F080-6242-4A0E-BEF2-FB9C519D972D}.Ad-Hoc|x64.Deploy.0 = Debug|Any CPU
		{8AD2F080-6242-4A0E-BEF2-FB9C519D972D}.Ad-Hoc|x86.ActiveCfg = Debug|Any CPU
		{8AD2F080-6242-4A0E-BEF2-FB9C519D972D}.Ad-Hoc|x86.Build.0 = Debug|Any CPU
		{8AD2F080-6242-4A0E-BEF2-FB9C519D972D}.Ad-Hoc|x86.Deploy.0 = Debug|Any CPU
		{8AD2F080-6242-4A0E-BEF2-FB9C519D972D}.AppStore|Any CPU.ActiveCfg = Debug|Any CPU
		{8AD2F080-6242-4A0E-BEF2-FB9C519D972D}.AppStore|Any CPU.Build.0 = Debug|Any CPU
		{8AD2F080-6242-4A0E-BEF2-FB9C519D972D}.AppStore|Any CPU.Deploy.0 = Debug|Any CPU
		{8AD2F080-6242-4A0E-BEF2-FB9C519D972D}.AppStore|ARM.ActiveCfg = Debug|Any CPU
		{8AD2F080-6242-4A0E-BEF2-FB9C519D972D}.AppStore|ARM.Build.0 = Debug|Any CPU
		{8AD2F080-6242-4A0E-BEF2-FB9C519D972D}.AppStore|ARM.Deploy.0 = Debug|Any CPU
		{8AD2F080-6242-4A0E-BEF2-FB9C519D972D}.AppStore|iPhone.ActiveCfg = Debug|Any CPU
		{8AD2F080-6242-4A0E-BEF2-FB9C519D972D}.AppStore|iPhone.Build.0 = Debug|Any CPU
		{8AD2F080-6242-4A0E-BEF2-FB9C519D972D}.AppStore|iPhone.Deploy.0 = Debug|Any CPU
		{8AD2F080-6242-4A0E-BEF2-FB9C519D972D}.AppStore|iPhoneSimulator.ActiveCfg = Debug|Any CPU
		{8AD2F080-6242-4A0E-BEF2-FB9C519D972D}.AppStore|iPhoneSimulator.Build.0 = Debug|Any CPU
		{8AD2F080-6242-4A0E-BEF2-FB9C519D972D}.AppStore|iPhoneSimulator.Deploy.0 = Debug|Any CPU
		{8AD2F080-6242-4A0E-BEF2-FB9C519D972D}.AppStore|x64.ActiveCfg = Debug|Any CPU
		{8AD2F080-6242-4A0E-BEF2-FB9C519D972D}.AppStore|x64.Build.0 = Debug|Any CPU
		{8AD2F080-6242-4A0E-BEF2-FB9C519D972D}.AppStore|x64.Deploy.0 = Debug|Any CPU
		{8AD2F080-6242-4A0E-BEF2-FB9C519D972D}.AppStore|x86.ActiveCfg = Debug|Any CPU
		{8AD2F080-6242-4A0E-BEF2-FB9C519D972D}.AppStore|x86.Build.0 = Debug|Any CPU
		{8AD2F080-6242-4A0E-BEF2-FB9C519D972D}.AppStore|x86.Deploy.0 = Debug|Any CPU
		{8AD2F080-6242-4A0E-BEF2-FB9C519D972D}.Debug|Any CPU.ActiveCfg = Debug|Any CPU
		{8AD2F080-6242-4A0E-BEF2-FB9C519D972D}.Debug|Any CPU.Build.0 = Debug|Any CPU
		{8AD2F080-6242-4A0E-BEF2-FB9C519D972D}.Debug|Any CPU.Deploy.0 = Debug|Any CPU
		{8AD2F080-6242-4A0E-BEF2-FB9C519D972D}.Debug|ARM.ActiveCfg = Debug|Any CPU
		{8AD2F080-6242-4A0E-BEF2-FB9C519D972D}.Debug|ARM.Build.0 = Debug|Any CPU
		{8AD2F080-6242-4A0E-BEF2-FB9C519D972D}.Debug|ARM.Deploy.0 = Debug|Any CPU
		{8AD2F080-6242-4A0E-BEF2-FB9C519D972D}.Debug|iPhone.ActiveCfg = Debug|Any CPU
		{8AD2F080-6242-4A0E-BEF2-FB9C519D972D}.Debug|iPhone.Build.0 = Debug|Any CPU
		{8AD2F080-6242-4A0E-BEF2-FB9C519D972D}.Debug|iPhone.Deploy.0 = Debug|Any CPU
		{8AD2F080-6242-4A0E-BEF2-FB9C519D972D}.Debug|iPhoneSimulator.ActiveCfg = Debug|Any CPU
		{8AD2F080-6242-4A0E-BEF2-FB9C519D972D}.Debug|iPhoneSimulator.Build.0 = Debug|Any CPU
		{8AD2F080-6242-4A0E-BEF2-FB9C519D972D}.Debug|iPhoneSimulator.Deploy.0 = Debug|Any CPU
		{8AD2F080-6242-4A0E-BEF2-FB9C519D972D}.Debug|x64.ActiveCfg = Debug|Any CPU
		{8AD2F080-6242-4A0E-BEF2-FB9C519D972D}.Debug|x64.Build.0 = Debug|Any CPU
		{8AD2F080-6242-4A0E-BEF2-FB9C519D972D}.Debug|x64.Deploy.0 = Debug|Any CPU
		{8AD2F080-6242-4A0E-BEF2-FB9C519D972D}.Debug|x86.ActiveCfg = Debug|Any CPU
		{8AD2F080-6242-4A0E-BEF2-FB9C519D972D}.Debug|x86.Build.0 = Debug|Any CPU
		{8AD2F080-6242-4A0E-BEF2-FB9C519D972D}.Debug|x86.Deploy.0 = Debug|Any CPU
		{8AD2F080-6242-4A0E-BEF2-FB9C519D972D}.Release|Any CPU.ActiveCfg = Release|Any CPU
		{8AD2F080-6242-4A0E-BEF2-FB9C519D972D}.Release|Any CPU.Build.0 = Release|Any CPU
		{8AD2F080-6242-4A0E-BEF2-FB9C519D972D}.Release|Any CPU.Deploy.0 = Release|Any CPU
		{8AD2F080-6242-4A0E-BEF2-FB9C519D972D}.Release|ARM.ActiveCfg = Release|Any CPU
		{8AD2F080-6242-4A0E-BEF2-FB9C519D972D}.Release|ARM.Build.0 = Release|Any CPU
		{8AD2F080-6242-4A0E-BEF2-FB9C519D972D}.Release|ARM.Deploy.0 = Release|Any CPU
		{8AD2F080-6242-4A0E-BEF2-FB9C519D972D}.Release|iPhone.ActiveCfg = Release|Any CPU
		{8AD2F080-6242-4A0E-BEF2-FB9C519D972D}.Release|iPhone.Build.0 = Release|Any CPU
		{8AD2F080-6242-4A0E-BEF2-FB9C519D972D}.Release|iPhone.Deploy.0 = Release|Any CPU
		{8AD2F080-6242-4A0E-BEF2-FB9C519D972D}.Release|iPhoneSimulator.ActiveCfg = Release|Any CPU
		{8AD2F080-6242-4A0E-BEF2-FB9C519D972D}.Release|iPhoneSimulator.Build.0 = Release|Any CPU
		{8AD2F080-6242-4A0E-BEF2-FB9C519D972D}.Release|iPhoneSimulator.Deploy.0 = Release|Any CPU
		{8AD2F080-6242-4A0E-BEF2-FB9C519D972D}.Release|x64.ActiveCfg = Release|Any CPU
		{8AD2F080-6242-4A0E-BEF2-FB9C519D972D}.Release|x64.Build.0 = Release|Any CPU
		{8AD2F080-6242-4A0E-BEF2-FB9C519D972D}.Release|x64.Deploy.0 = Release|Any CPU
		{8AD2F080-6242-4A0E-BEF2-FB9C519D972D}.Release|x86.ActiveCfg = Release|Any CPU
		{8AD2F080-6242-4A0E-BEF2-FB9C519D972D}.Release|x86.Build.0 = Release|Any CPU
		{8AD2F080-6242-4A0E-BEF2-FB9C519D972D}.Release|x86.Deploy.0 = Release|Any CPU
	EndGlobalSection
	GlobalSection(SolutionProperties) = preSolution
		HideSolutionNode = FALSE
	EndGlobalSection
	GlobalSection(ExtensibilityGlobals) = postSolution
		SolutionGuid = {61E490FB-813F-4879-83DD-504BFC688152}
	EndGlobalSection
EndGlobal
